Microsoft Visual Studio Solution File, Format Version 12.00
# Visual Studio Version 17
VisualStudioVersion = 17.0.31903.59
MinimumVisualStudioVersion = 10.0.40219.1
Project("{FAE04EC0-301F-11D3-BF4B-00C04F79EFBC}") = "GIS3DEngine.Core", "src\GIS3DEngine.Core\GIS3DEngine.Core.csproj", "{A1B2C3D4-1234-5678-9ABC-DEF012345678}"
EndProject
Project("{FAE04EC0-301F-11D3-BF4B-00C04F79EFBC}") = "GIS3DEngine.Services", "src\GIS3DEngine.Services\GIS3DEngine.Services.csproj", "{B2C3D4E5-2345-6789-ABCD-EF0123456789}"
EndProject
Project("{FAE04EC0-301F-11D3-BF4B-00C04F79EFBC}") = "GIS3DEngine.Demo", "src\GIS3DEngine.Demo\GIS3DEngine.Demo.csproj", "{C3D4E5F6-3456-789A-BCDE-F01234567890}"
EndProject
Project("{FAE04EC0-301F-11D3-BF4B-00C04F79EFBC}") = "GIS3DEngine.Tests", "tests\GIS3DEngine.Tests\GIS3DEngine.Tests.csproj", "{D4E5F6A7-4567-89AB-CDEF-012345678901}"
EndProject
Project("{FAE04EC0-301F-11D3-BF4B-00C04F79EFBC}") = "GIS3DEngine.Drones", "GIS3DEngine.Drones\GIS3DEngine.Drones.csproj", "{B16226B3-B6AA-4D26-A369-633519962C72}"
EndProject
Project("{FAE04EC0-301F-11D3-BF4B-00C04F79EFBC}") = "GIS3DEngine.WebApi", "GIS3DEngine.WebApi\GIS3DEngine.WebApi.csproj", "{C7BDFD1A-7D82-4F31-8597-A089016C7A76}"
EndProject
Project("{FAE04EC0-301F-11D3-BF4B-00C04F79EFBC}") = "GIS3DEngine.AppHost", "GIS3DEngine.AppHost\GIS3DEngine.AppHost.csproj", "{9A9C8EA3-7020-4A6B-82AE-E66A23CD1317}"
EndProject
Project("{FAE04EC0-301F-11D3-BF4B-00C04F79EFBC}") = "GIS3DEngine.ServiceDefaults", "GIS3DEngine.ServiceDefaults\GIS3DEngine.ServiceDefaults.csproj", "{14E32991-4C3A-46F1-A720-F2B24B9D0D04}"
EndProject
Project("{FAE04EC0-301F-11D3-BF4B-00C04F79EFBC}") = "GIS3DEngine.Application", "GIS3DEngine.Application\GIS3DEngine.Application.csproj", "{7025CBF4-BCA4-4768-90C4-16CD6FEA8D42}"
EndProject
Global
	GlobalSection(SolutionConfigurationPlatforms) = preSolution
		Debug|Any CPU = Debug|Any CPU
		Release|Any CPU = Release|Any CPU
	EndGlobalSection
	GlobalSection(ProjectConfigurationPlatforms) = postSolution
		{A1B2C3D4-1234-5678-9ABC-DEF012345678}.Debug|Any CPU.ActiveCfg = Debug|Any CPU
		{A1B2C3D4-1234-5678-9ABC-DEF012345678}.Debug|Any CPU.Build.0 = Debug|Any CPU
		{A1B2C3D4-1234-5678-9ABC-DEF012345678}.Release|Any CPU.ActiveCfg = Release|Any CPU
		{A1B2C3D4-1234-5678-9ABC-DEF012345678}.Release|Any CPU.Build.0 = Release|Any CPU
		{B2C3D4E5-2345-6789-ABCD-EF0123456789}.Debug|Any CPU.ActiveCfg = Debug|Any CPU
		{B2C3D4E5-2345-6789-ABCD-EF0123456789}.Debug|Any CPU.Build.0 = Debug|Any CPU
		{B2C3D4E5-2345-6789-ABCD-EF0123456789}.Release|Any CPU.ActiveCfg = Release|Any CPU
		{B2C3D4E5-2345-6789-ABCD-EF0123456789}.Release|Any CPU.Build.0 = Release|Any CPU
		{C3D4E5F6-3456-789A-BCDE-F01234567890}.Debug|Any CPU.ActiveCfg = Debug|Any CPU
		{C3D4E5F6-3456-789A-BCDE-F01234567890}.Debug|Any CPU.Build.0 = Debug|Any CPU
		{C3D4E5F6-3456-789A-BCDE-F01234567890}.Release|Any CPU.ActiveCfg = Release|Any CPU
		{C3D4E5F6-3456-789A-BCDE-F01234567890}.Release|Any CPU.Build.0 = Release|Any CPU
		{D4E5F6A7-4567-89AB-CDEF-012345678901}.Debug|Any CPU.ActiveCfg = Debug|Any CPU
		{D4E5F6A7-4567-89AB-CDEF-012345678901}.Debug|Any CPU.Build.0 = Debug|Any CPU
		{D4E5F6A7-4567-89AB-CDEF-012345678901}.Release|Any CPU.ActiveCfg = Release|Any CPU
		{D4E5F6A7-4567-89AB-CDEF-012345678901}.Release|Any CPU.Build.0 = Release|Any CPU
		{B16226B3-B6AA-4D26-A369-633519962C72}.Debug|Any CPU.ActiveCfg = Debug|Any CPU
		{B16226B3-B6AA-4D26-A369-633519962C72}.Debug|Any CPU.Build.0 = Debug|Any CPU
		{B16226B3-B6AA-4D26-A369-633519962C72}.Release|Any CPU.ActiveCfg = Release|Any CPU
		{B16226B3-B6AA-4D26-A369-633519962C72}.Release|Any CPU.Build.0 = Release|Any CPU
		{C7BDFD1A-7D82-4F31-8597-A089016C7A76}.Debug|Any CPU.ActiveCfg = Debug|Any CPU
		{C7BDFD1A-7D82-4F31-8597-A089016C7A76}.Debug|Any CPU.Build.0 = Debug|Any CPU
		{C7BDFD1A-7D82-4F31-8597-A089016C7A76}.Release|Any CPU.ActiveCfg = Release|Any CPU
		{C7BDFD1A-7D82-4F31-8597-A089016C7A76}.Release|Any CPU.Build.0 = Release|Any CPU
		{9A9C8EA3-7020-4A6B-82AE-E66A23CD1317}.Debug|Any CPU.ActiveCfg = Debug|Any CPU
		{9A9C8EA3-7020-4A6B-82AE-E66A23CD1317}.Debug|Any CPU.Build.0 = Debug|Any CPU
		{9A9C8EA3-7020-4A6B-82AE-E66A23CD1317}.Release|Any CPU.ActiveCfg = Release|Any CPU
		{9A9C8EA3-7020-4A6B-82AE-E66A23CD1317}.Release|Any CPU.Build.0 = Release|Any CPU
		{14E32991-4C3A-46F1-A720-F2B24B9D0D04}.Debug|Any CPU.ActiveCfg = Debug|Any CPU
		{14E32991-4C3A-46F1-A720-F2B24B9D0D04}.Debug|Any CPU.Build.0 = Debug|Any CPU
		{14E32991-4C3A-46F1-A720-F2B24B9D0D04}.Release|Any CPU.ActiveCfg = Release|Any CPU
		{14E32991-4C3A-46F1-A720-F2B24B9D0D04}.Release|Any CPU.Build.0 = Release|Any CPU
		{7025CBF4-BCA4-4768-90C4-16CD6FEA8D42}.Debug|Any CPU.ActiveCfg = Debug|Any CPU
		{7025CBF4-BCA4-4768-90C4-16CD6FEA8D42}.Debug|Any CPU.Build.0 = Debug|Any CPU
		{7025CBF4-BCA4-4768-90C4-16CD6FEA8D42}.Release|Any CPU.ActiveCfg = Release|Any CPU
		{7025CBF4-BCA4-4768-90C4-16CD6FEA8D42}.Release|Any CPU.Build.0 = Release|Any CPU
	EndGlobalSection
	GlobalSection(SolutionProperties) = preSolution
		HideSolutionNode = FALSE
	EndGlobalSection
	GlobalSection(ExtensibilityGlobals) = postSolution
		SolutionGuid = {E7FC3ECB-8EB6-4079-AC95-C7ED528AE17B}
	EndGlobalSection
EndGlobal
